
Microsoft Visual Studio Solution File, Format Version 12.00
# Visual Studio Version 16
VisualStudioVersion = 16.0.30907.101
MinimumVisualStudioVersion = 10.0.40219.1
Project("{FAE04EC0-301F-11D3-BF4B-00C04F79EFBC}") = "HelloAspNet", "HelloAspNet\HelloAspNet.csproj", "{4EE16944-5BB7-4D41-9EB2-7D2A885ABD38}"
EndProject
Project("{FAE04EC0-301F-11D3-BF4B-00C04F79EFBC}") = "HelloAspNet.Tests", "HelloAspNet.Tests\HelloAspNet.Tests.csproj", "{C53E3DB7-87E1-4078-A53E-212F0AB21A11}"
EndProject
Project("{FAE04EC0-301F-11D3-BF4B-00C04F79EFBC}") = "FirstWebApp", "FirstWebApp\FirstWebApp.csproj", "{A49EB423-A747-4C83-9D36-BE5EF49B1070}"
EndProject
Project("{FAE04EC0-301F-11D3-BF4B-00C04F79EFBC}") = "ValidationWebApp", "ValidationWebApp\ValidationWebApp.csproj", "{A7173B08-BA87-4DDC-8AC6-4F886DE023B6}"
EndProject
Project("{FAE04EC0-301F-11D3-BF4B-00C04F79EFBC}") = "TemplateWebApp", "TemplateWebApp\TemplateWebApp.csproj", "{F75C273A-D1F6-41CA-BB05-FB2FD166B0FA}"
EndProject
Project("{FAE04EC0-301F-11D3-BF4B-00C04F79EFBC}") = "StateMngWebApp", "StateMngWebApp\StateMngWebApp.csproj", "{C63644D6-45E0-4642-AD00-A0ED7F433B32}"
EndProject
Project("{FAE04EC0-301F-11D3-BF4B-00C04F79EFBC}") = "DBHandlingWebApp", "DBHandlingWebApp\DBHandlingWebApp.csproj", "{92493A06-1ADD-42A1-BE3D-F778CBAB0FA9}"
EndProject
Global
	GlobalSection(SolutionConfigurationPlatforms) = preSolution
		Debug|Any CPU = Debug|Any CPU
		Release|Any CPU = Release|Any CPU
	EndGlobalSection
	GlobalSection(ProjectConfigurationPlatforms) = postSolution
		{4EE16944-5BB7-4D41-9EB2-7D2A885ABD38}.Debug|Any CPU.ActiveCfg = Debug|Any CPU
		{4EE16944-5BB7-4D41-9EB2-7D2A885ABD38}.Debug|Any CPU.Build.0 = Debug|Any CPU
		{4EE16944-5BB7-4D41-9EB2-7D2A885ABD38}.Release|Any CPU.ActiveCfg = Release|Any CPU
		{4EE16944-5BB7-4D41-9EB2-7D2A885ABD38}.Release|Any CPU.Build.0 = Release|Any CPU
		{C53E3DB7-87E1-4078-A53E-212F0AB21A11}.Debug|Any CPU.ActiveCfg = Debug|Any CPU
		{C53E3DB7-87E1-4078-A53E-212F0AB21A11}.Debug|Any CPU.Build.0 = Debug|Any CPU
		{C53E3DB7-87E1-4078-A53E-212F0AB21A11}.Release|Any CPU.ActiveCfg = Release|Any CPU
		{C53E3DB7-87E1-4078-A53E-212F0AB21A11}.Release|Any CPU.Build.0 = Release|Any CPU
		{A49EB423-A747-4C83-9D36-BE5EF49B1070}.Debug|Any CPU.ActiveCfg = Debug|Any CPU
		{A49EB423-A747-4C83-9D36-BE5EF49B1070}.Debug|Any CPU.Build.0 = Debug|Any CPU
		{A49EB423-A747-4C83-9D36-BE5EF49B1070}.Release|Any CPU.ActiveCfg = Release|Any CPU
		{A49EB423-A747-4C83-9D36-BE5EF49B1070}.Release|Any CPU.Build.0 = Release|Any CPU
		{A7173B08-BA87-4DDC-8AC6-4F886DE023B6}.Debug|Any CPU.ActiveCfg = Debug|Any CPU
		{A7173B08-BA87-4DDC-8AC6-4F886DE023B6}.Debug|Any CPU.Build.0 = Debug|Any CPU
		{A7173B08-BA87-4DDC-8AC6-4F886DE023B6}.Release|Any CPU.ActiveCfg = Release|Any CPU
		{A7173B08-BA87-4DDC-8AC6-4F886DE023B6}.Release|Any CPU.Build.0 = Release|Any CPU
		{F75C273A-D1F6-41CA-BB05-FB2FD166B0FA}.Debug|Any CPU.ActiveCfg = Debug|Any CPU
		{F75C273A-D1F6-41CA-BB05-FB2FD166B0FA}.Debug|Any CPU.Build.0 = Debug|Any CPU
		{F75C273A-D1F6-41CA-BB05-FB2FD166B0FA}.Release|Any CPU.ActiveCfg = Release|Any CPU
		{F75C273A-D1F6-41CA-BB05-FB2FD166B0FA}.Release|Any CPU.Build.0 = Release|Any CPU
		{C63644D6-45E0-4642-AD00-A0ED7F433B32}.Debug|Any CPU.ActiveCfg = Debug|Any CPU
		{C63644D6-45E0-4642-AD00-A0ED7F433B32}.Debug|Any CPU.Build.0 = Debug|Any CPU
		{C63644D6-45E0-4642-AD00-A0ED7F433B32}.Release|Any CPU.ActiveCfg = Release|Any CPU
		{C63644D6-45E0-4642-AD00-A0ED7F433B32}.Release|Any CPU.Build.0 = Release|Any CPU
		{92493A06-1ADD-42A1-BE3D-F778CBAB0FA9}.Debug|Any CPU.ActiveCfg = Debug|Any CPU
		{92493A06-1ADD-42A1-BE3D-F778CBAB0FA9}.Debug|Any CPU.Build.0 = Debug|Any CPU
		{92493A06-1ADD-42A1-BE3D-F778CBAB0FA9}.Release|Any CPU.ActiveCfg = Release|Any CPU
		{92493A06-1ADD-42A1-BE3D-F778CBAB0FA9}.Release|Any CPU.Build.0 = Release|Any CPU
	EndGlobalSection
	GlobalSection(SolutionProperties) = preSolution
		HideSolutionNode = FALSE
	EndGlobalSection
	GlobalSection(ExtensibilityGlobals) = postSolution
		SolutionGuid = {766B221E-59F9-4971-87B2-DC0DD6DF582C}
	EndGlobalSection
EndGlobal
