
Microsoft Visual Studio Solution File, Format Version 12.00
# Visual Studio Version 16
VisualStudioVersion = 16.0.31205.134
MinimumVisualStudioVersion = 10.0.40219.1
Project("{9A19103F-16F7-4668-BE54-9A1E7A4F7556}") = "BasicMVCModel2", "BasicMVCModel2\BasicMVCModel2.csproj", "{32A21EAB-49E6-480D-87FC-364123EA9709}"
EndProject
Project("{9A19103F-16F7-4668-BE54-9A1E7A4F7556}") = "DbWebApp", "DbWebApp\DbWebApp.csproj", "{E4F7BC91-52F3-4122-B468-BC837517170C}"
EndProject
Project("{00D1A9C2-B5F0-4AF3-8072-F6C62B433612}") = "MvcWebLab.Database", "MvcWebLab.Database\MvcWebLab.Database.sqlproj", "{989796DC-9721-4EFE-A1F8-F74BFE7ABA58}"
EndProject
Project("{9A19103F-16F7-4668-BE54-9A1E7A4F7556}") = "TodoListWebApp", "TodoListWebApp\TodoListWebApp.csproj", "{39FB97C4-FB13-4055-9078-A60BD8E3331D}"
EndProject
Project("{9A19103F-16F7-4668-BE54-9A1E7A4F7556}") = "WebProject", "WebProject\WebProject.csproj", "{6C176EFB-69DC-4805-BA10-B6F4E460B7A3}"
EndProject
Project("{9A19103F-16F7-4668-BE54-9A1E7A4F7556}") = "MyPortpolioWeb", "MyPortpolioWeb\MyPortpolioWeb.csproj", "{B5D15E51-700F-4ACF-B8D7-947E6C505A5F}"
EndProject
Project("{00D1A9C2-B5F0-4AF3-8072-F6C62B433612}") = "TotalDatabase", "TotalDatabase\TotalDatabase.sqlproj", "{BEFB0D24-EA63-4B75-9265-66177917CFF9}"
EndProject
Global
	GlobalSection(SolutionConfigurationPlatforms) = preSolution
		Debug|Any CPU = Debug|Any CPU
		Release|Any CPU = Release|Any CPU
	EndGlobalSection
	GlobalSection(ProjectConfigurationPlatforms) = postSolution
		{32A21EAB-49E6-480D-87FC-364123EA9709}.Debug|Any CPU.ActiveCfg = Debug|Any CPU
		{32A21EAB-49E6-480D-87FC-364123EA9709}.Debug|Any CPU.Build.0 = Debug|Any CPU
		{32A21EAB-49E6-480D-87FC-364123EA9709}.Release|Any CPU.ActiveCfg = Release|Any CPU
		{32A21EAB-49E6-480D-87FC-364123EA9709}.Release|Any CPU.Build.0 = Release|Any CPU
		{E4F7BC91-52F3-4122-B468-BC837517170C}.Debug|Any CPU.ActiveCfg = Debug|Any CPU
		{E4F7BC91-52F3-4122-B468-BC837517170C}.Debug|Any CPU.Build.0 = Debug|Any CPU
		{E4F7BC91-52F3-4122-B468-BC837517170C}.Release|Any CPU.ActiveCfg = Release|Any CPU
		{E4F7BC91-52F3-4122-B468-BC837517170C}.Release|Any CPU.Build.0 = Release|Any CPU
		{989796DC-9721-4EFE-A1F8-F74BFE7ABA58}.Debug|Any CPU.ActiveCfg = Debug|Any CPU
		{989796DC-9721-4EFE-A1F8-F74BFE7ABA58}.Debug|Any CPU.Build.0 = Debug|Any CPU
		{989796DC-9721-4EFE-A1F8-F74BFE7ABA58}.Debug|Any CPU.Deploy.0 = Debug|Any CPU
		{989796DC-9721-4EFE-A1F8-F74BFE7ABA58}.Release|Any CPU.ActiveCfg = Release|Any CPU
		{989796DC-9721-4EFE-A1F8-F74BFE7ABA58}.Release|Any CPU.Build.0 = Release|Any CPU
		{989796DC-9721-4EFE-A1F8-F74BFE7ABA58}.Release|Any CPU.Deploy.0 = Release|Any CPU
		{39FB97C4-FB13-4055-9078-A60BD8E3331D}.Debug|Any CPU.ActiveCfg = Debug|Any CPU
		{39FB97C4-FB13-4055-9078-A60BD8E3331D}.Debug|Any CPU.Build.0 = Debug|Any CPU
		{39FB97C4-FB13-4055-9078-A60BD8E3331D}.Release|Any CPU.ActiveCfg = Release|Any CPU
		{39FB97C4-FB13-4055-9078-A60BD8E3331D}.Release|Any CPU.Build.0 = Release|Any CPU
		{6C176EFB-69DC-4805-BA10-B6F4E460B7A3}.Debug|Any CPU.ActiveCfg = Debug|Any CPU
		{6C176EFB-69DC-4805-BA10-B6F4E460B7A3}.Debug|Any CPU.Build.0 = Debug|Any CPU
		{6C176EFB-69DC-4805-BA10-B6F4E460B7A3}.Release|Any CPU.ActiveCfg = Release|Any CPU
		{6C176EFB-69DC-4805-BA10-B6F4E460B7A3}.Release|Any CPU.Build.0 = Release|Any CPU
		{B5D15E51-700F-4ACF-B8D7-947E6C505A5F}.Debug|Any CPU.ActiveCfg = Debug|Any CPU
		{B5D15E51-700F-4ACF-B8D7-947E6C505A5F}.Debug|Any CPU.Build.0 = Debug|Any CPU
		{B5D15E51-700F-4ACF-B8D7-947E6C505A5F}.Release|Any CPU.ActiveCfg = Release|Any CPU
		{B5D15E51-700F-4ACF-B8D7-947E6C505A5F}.Release|Any CPU.Build.0 = Release|Any CPU
		{BEFB0D24-EA63-4B75-9265-66177917CFF9}.Debug|Any CPU.ActiveCfg = Debug|Any CPU
		{BEFB0D24-EA63-4B75-9265-66177917CFF9}.Debug|Any CPU.Build.0 = Debug|Any CPU
		{BEFB0D24-EA63-4B75-9265-66177917CFF9}.Debug|Any CPU.Deploy.0 = Debug|Any CPU
		{BEFB0D24-EA63-4B75-9265-66177917CFF9}.Release|Any CPU.ActiveCfg = Release|Any CPU
		{BEFB0D24-EA63-4B75-9265-66177917CFF9}.Release|Any CPU.Build.0 = Release|Any CPU
		{BEFB0D24-EA63-4B75-9265-66177917CFF9}.Release|Any CPU.Deploy.0 = Release|Any CPU
	EndGlobalSection
	GlobalSection(SolutionProperties) = preSolution
		HideSolutionNode = FALSE
	EndGlobalSection
	GlobalSection(ExtensibilityGlobals) = postSolution
		SolutionGuid = {07999798-EF36-48D3-AB56-CAAD360A14C4}
	EndGlobalSection
EndGlobal
